
Microsoft Visual Studio Solution File, Format Version 12.00
# Visual Studio 15
VisualStudioVersion = 15.0.26430.16
MinimumVisualStudioVersion = 10.0.40219.1
Project("{FAE04EC0-301F-11D3-BF4B-00C04F79EFBC}") = "PostCodeExchangeWeb", "PostCodeExchangeWeb\PostCodeExchangeWeb.csproj", "{554F4815-EA78-4E78-990D-31BFA2C248E1}"
EndProject
Project("{FAE04EC0-301F-11D3-BF4B-00C04F79EFBC}") = "PostCodeExchangeWeb.Tests", "PostCodeExchangeWeb.Tests\PostCodeExchangeWeb.Tests.csproj", "{096BA04C-E5A5-4912-8829-C444344602A4}"
EndProject
Global
	GlobalSection(SolutionConfigurationPlatforms) = preSolution
		Debug|Any CPU = Debug|Any CPU
		Release|Any CPU = Release|Any CPU
	EndGlobalSection
	GlobalSection(ProjectConfigurationPlatforms) = postSolution
		{554F4815-EA78-4E78-990D-31BFA2C248E1}.Debug|Any CPU.ActiveCfg = Debug|Any CPU
		{554F4815-EA78-4E78-990D-31BFA2C248E1}.Debug|Any CPU.Build.0 = Debug|Any CPU
		{554F4815-EA78-4E78-990D-31BFA2C248E1}.Release|Any CPU.ActiveCfg = Release|Any CPU
		{554F4815-EA78-4E78-990D-31BFA2C248E1}.Release|Any CPU.Build.0 = Release|Any CPU
		{096BA04C-E5A5-4912-8829-C444344602A4}.Debug|Any CPU.ActiveCfg = Debug|Any CPU
		{096BA04C-E5A5-4912-8829-C444344602A4}.Debug|Any CPU.Build.0 = Debug|Any CPU
		{096BA04C-E5A5-4912-8829-C444344602A4}.Release|Any CPU.ActiveCfg = Release|Any CPU
		{096BA04C-E5A5-4912-8829-C444344602A4}.Release|Any CPU.Build.0 = Release|Any CPU
	EndGlobalSection
	GlobalSection(SolutionProperties) = preSolution
		HideSolutionNode = FALSE
	EndGlobalSection
EndGlobal
